// !$*UTF8*$!
{
	archiveVersion = 1;
	classes = {
	};
	objectVersion = 52;
	objects = {

/* Begin PBXBuildFile section */
		420C942427184401005F82C9 /* NavigationBarView.swift in Sources */ = {isa = PBXBuildFile; fileRef = 420C942327184401005F82C9 /* NavigationBarView.swift */; };
		42104ACF273A99AA00A9ECD2 /* CustomersDetailView.swift in Sources */ = {isa = PBXBuildFile; fileRef = 42104ACE273A99AA00A9ECD2 /* CustomersDetailView.swift */; };
		42104AD1273AA08100A9ECD2 /* OrdersDetailView.swift in Sources */ = {isa = PBXBuildFile; fileRef = 42104AD0273AA08100A9ECD2 /* OrdersDetailView.swift */; };
		42104AD3273AA94300A9ECD2 /* CertificatesDetailView.swift in Sources */ = {isa = PBXBuildFile; fileRef = 42104AD2273AA94300A9ECD2 /* CertificatesDetailView.swift */; };
		42104AD5273AB42800A9ECD2 /* AssCertificatesDetailView.swift in Sources */ = {isa = PBXBuildFile; fileRef = 42104AD4273AB42800A9ECD2 /* AssCertificatesDetailView.swift */; };
		4220FDEC26EE624E00479EC7 /* LogInView.swift in Sources */ = {isa = PBXBuildFile; fileRef = 4220FDEB26EE624E00479EC7 /* LogInView.swift */; };
		4220FDEE26EE67FB00479EC7 /* LogOutView.swift in Sources */ = {isa = PBXBuildFile; fileRef = 4220FDED26EE67FB00479EC7 /* LogOutView.swift */; };
		4220FDF126EF70EB00479EC7 /* PBKDF2.swift in Sources */ = {isa = PBXBuildFile; fileRef = 4220FDF026EF70EB00479EC7 /* PBKDF2.swift */; };
		422DA1C12731832A00EC5359 /* ModelResponse.swift in Sources */ = {isa = PBXBuildFile; fileRef = 422DA1C02731832A00EC5359 /* ModelResponse.swift */; };
		42390FF72726E71700A52804 /* Home.swift in Sources */ = {isa = PBXBuildFile; fileRef = 42390FF62726E71700A52804 /* Home.swift */; };
		42390FF92726E77200A52804 /* SideMenu.swift in Sources */ = {isa = PBXBuildFile; fileRef = 42390FF82726E77200A52804 /* SideMenu.swift */; };
		42390FFB2726E7B100A52804 /* BaseView.swift in Sources */ = {isa = PBXBuildFile; fileRef = 42390FFA2726E7B100A52804 /* BaseView.swift */; };
		4243B63327351C8D00C952ED /* CompanyDetailView.swift in Sources */ = {isa = PBXBuildFile; fileRef = 4243B63227351C8D00C952ED /* CompanyDetailView.swift */; };
		424A33D726DE60FD0017C117 /* pewagApp.swift in Sources */ = {isa = PBXBuildFile; fileRef = 424A33D626DE60FD0017C117 /* pewagApp.swift */; };
		424A33D926DE60FD0017C117 /* ContentView.swift in Sources */ = {isa = PBXBuildFile; fileRef = 424A33D826DE60FD0017C117 /* ContentView.swift */; };
		424A33DB26DE60FE0017C117 /* Assets.xcassets in Resources */ = {isa = PBXBuildFile; fileRef = 424A33DA26DE60FE0017C117 /* Assets.xcassets */; };
		424A33DE26DE60FE0017C117 /* Preview Assets.xcassets in Resources */ = {isa = PBXBuildFile; fileRef = 424A33DD26DE60FE0017C117 /* Preview Assets.xcassets */; };
		42722F0D2713206A006490B0 /* FacebookLogin in Frameworks */ = {isa = PBXBuildFile; productRef = 42722F0C2713206A006490B0 /* FacebookLogin */; };
		42722F112713367F006490B0 /* AppDelegate.swift in Sources */ = {isa = PBXBuildFile; fileRef = 42722F102713367F006490B0 /* AppDelegate.swift */; };
		427496B426EA7E0000C1907C /* Webservice.swift in Sources */ = {isa = PBXBuildFile; fileRef = 427496B326EA7E0000C1907C /* Webservice.swift */; };
		427496B626EA862200C1907C /* LoginViewModel.swift in Sources */ = {isa = PBXBuildFile; fileRef = 427496B526EA862200C1907C /* LoginViewModel.swift */; };
		4281117D273D3B1E002A2849 /* CodeScanner in Frameworks */ = {isa = PBXBuildFile; productRef = 4281117C273D3B1E002A2849 /* CodeScanner */; };
		4281117F273D44C2002A2849 /* CodeScanningView.swift in Sources */ = {isa = PBXBuildFile; fileRef = 4281117E273D44C2002A2849 /* CodeScanningView.swift */; };
		42A8600526F8FC05007BE025 /* LogFull.swift in Sources */ = {isa = PBXBuildFile; fileRef = 42A8600426F8FC05007BE025 /* LogFull.swift */; };
		42E9B151272AC73C005DD1DE /* Localizable.strings in Resources */ = {isa = PBXBuildFile; fileRef = 42E9B153272AC73C005DD1DE /* Localizable.strings */; };
/* End PBXBuildFile section */

/* Begin PBXFileReference section */
		420C942327184401005F82C9 /* NavigationBarView.swift */ = {isa = PBXFileReference; lastKnownFileType = sourcecode.swift; path = NavigationBarView.swift; sourceTree = "<group>"; };
		42104ACE273A99AA00A9ECD2 /* CustomersDetailView.swift */ = {isa = PBXFileReference; lastKnownFileType = sourcecode.swift; path = CustomersDetailView.swift; sourceTree = "<group>"; };
		42104AD0273AA08100A9ECD2 /* OrdersDetailView.swift */ = {isa = PBXFileReference; lastKnownFileType = sourcecode.swift; path = OrdersDetailView.swift; sourceTree = "<group>"; };
		42104AD2273AA94300A9ECD2 /* CertificatesDetailView.swift */ = {isa = PBXFileReference; lastKnownFileType = sourcecode.swift; path = CertificatesDetailView.swift; sourceTree = "<group>"; };
		42104AD4273AB42800A9ECD2 /* AssCertificatesDetailView.swift */ = {isa = PBXFileReference; lastKnownFileType = sourcecode.swift; path = AssCertificatesDetailView.swift; sourceTree = "<group>"; };
		4220FDEB26EE624E00479EC7 /* LogInView.swift */ = {isa = PBXFileReference; lastKnownFileType = sourcecode.swift; path = LogInView.swift; sourceTree = "<group>"; };
		4220FDED26EE67FB00479EC7 /* LogOutView.swift */ = {isa = PBXFileReference; lastKnownFileType = sourcecode.swift; path = LogOutView.swift; sourceTree = "<group>"; };
		4220FDEF26EF704600479EC7 /* PBKDF2-Bridging-Header.h */ = {isa = PBXFileReference; lastKnownFileType = sourcecode.c.h; path = "PBKDF2-Bridging-Header.h"; sourceTree = "<group>"; };
		4220FDF026EF70EB00479EC7 /* PBKDF2.swift */ = {isa = PBXFileReference; lastKnownFileType = sourcecode.swift; path = PBKDF2.swift; sourceTree = "<group>"; };
		422DA1C02731832A00EC5359 /* ModelResponse.swift */ = {isa = PBXFileReference; lastKnownFileType = sourcecode.swift; path = ModelResponse.swift; sourceTree = "<group>"; };
		42390FF62726E71700A52804 /* Home.swift */ = {isa = PBXFileReference; lastKnownFileType = sourcecode.swift; path = Home.swift; sourceTree = "<group>"; };
		42390FF82726E77200A52804 /* SideMenu.swift */ = {isa = PBXFileReference; lastKnownFileType = sourcecode.swift; path = SideMenu.swift; sourceTree = "<group>"; };
		42390FFA2726E7B100A52804 /* BaseView.swift */ = {isa = PBXFileReference; lastKnownFileType = sourcecode.swift; path = BaseView.swift; sourceTree = "<group>"; };
		4243B63227351C8D00C952ED /* CompanyDetailView.swift */ = {isa = PBXFileReference; lastKnownFileType = sourcecode.swift; path = CompanyDetailView.swift; sourceTree = "<group>"; };
		424A33D326DE60FD0017C117 /* pewag.app */ = {isa = PBXFileReference; explicitFileType = wrapper.application; includeInIndex = 0; path = pewag.app; sourceTree = BUILT_PRODUCTS_DIR; };
		424A33D626DE60FD0017C117 /* pewagApp.swift */ = {isa = PBXFileReference; lastKnownFileType = sourcecode.swift; path = pewagApp.swift; sourceTree = "<group>"; };
		424A33D826DE60FD0017C117 /* ContentView.swift */ = {isa = PBXFileReference; lastKnownFileType = sourcecode.swift; path = ContentView.swift; sourceTree = "<group>"; };
		424A33DA26DE60FE0017C117 /* Assets.xcassets */ = {isa = PBXFileReference; lastKnownFileType = folder.assetcatalog; path = Assets.xcassets; sourceTree = "<group>"; };
		424A33DD26DE60FE0017C117 /* Preview Assets.xcassets */ = {isa = PBXFileReference; lastKnownFileType = folder.assetcatalog; path = "Preview Assets.xcassets"; sourceTree = "<group>"; };
		424A33DF26DE60FE0017C117 /* Info.plist */ = {isa = PBXFileReference; lastKnownFileType = text.plist.xml; path = Info.plist; sourceTree = "<group>"; };
		42722F102713367F006490B0 /* AppDelegate.swift */ = {isa = PBXFileReference; lastKnownFileType = sourcecode.swift; path = AppDelegate.swift; sourceTree = "<group>"; };
		427496B326EA7E0000C1907C /* Webservice.swift */ = {isa = PBXFileReference; lastKnownFileType = sourcecode.swift; path = Webservice.swift; sourceTree = "<group>"; };
		427496B526EA862200C1907C /* LoginViewModel.swift */ = {isa = PBXFileReference; lastKnownFileType = sourcecode.swift; path = LoginViewModel.swift; sourceTree = "<group>"; };
		4281117E273D44C2002A2849 /* CodeScanningView.swift */ = {isa = PBXFileReference; lastKnownFileType = sourcecode.swift; path = CodeScanningView.swift; sourceTree = "<group>"; };
		42A8600426F8FC05007BE025 /* LogFull.swift */ = {isa = PBXFileReference; lastKnownFileType = sourcecode.swift; path = LogFull.swift; sourceTree = "<group>"; };
		42E9B152272AC73C005DD1DE /* sr */ = {isa = PBXFileReference; lastKnownFileType = text.plist.strings; name = sr; path = sr.lproj/Localizable.strings; sourceTree = "<group>"; };
		42E9B154272AC740005DD1DE /* de */ = {isa = PBXFileReference; lastKnownFileType = text.plist.strings; name = de; path = de.lproj/Localizable.strings; sourceTree = "<group>"; };
		42E9B155272AC741005DD1DE /* en */ = {isa = PBXFileReference; lastKnownFileType = text.plist.strings; name = en; path = en.lproj/Localizable.strings; sourceTree = "<group>"; };
/* End PBXFileReference section */

/* Begin PBXFrameworksBuildPhase section */
		424A33D026DE60FD0017C117 /* Frameworks */ = {
			isa = PBXFrameworksBuildPhase;
			buildActionMask = 2147483647;
			files = (
				4281117D273D3B1E002A2849 /* CodeScanner in Frameworks */,
				42722F0D2713206A006490B0 /* FacebookLogin in Frameworks */,
			);
			runOnlyForDeploymentPostprocessing = 0;
		};
/* End PBXFrameworksBuildPhase section */

/* Begin PBXGroup section */
		422DA1C32731841D00EC5359 /* New Group */ = {
			isa = PBXGroup;
			children = (
				422DA1C02731832A00EC5359 /* ModelResponse.swift */,
			);
			path = "New Group";
			sourceTree = "<group>";
		};
		42390FF52726E65C00A52804 /* View */ = {
			isa = PBXGroup;
			children = (
				4220FDEB26EE624E00479EC7 /* LogInView.swift */,
				424A33D826DE60FD0017C117 /* ContentView.swift */,
				4220FDED26EE67FB00479EC7 /* LogOutView.swift */,
				42104AD0273AA08100A9ECD2 /* OrdersDetailView.swift */,
				42104AD2273AA94300A9ECD2 /* CertificatesDetailView.swift */,
				4281117E273D44C2002A2849 /* CodeScanningView.swift */,
				42104ACE273A99AA00A9ECD2 /* CustomersDetailView.swift */,
				42104AD4273AB42800A9ECD2 /* AssCertificatesDetailView.swift */,
				4243B63227351C8D00C952ED /* CompanyDetailView.swift */,
				42390FF62726E71700A52804 /* Home.swift */,
				42E9B153272AC73C005DD1DE /* Localizable.strings */,
				42390FF82726E77200A52804 /* SideMenu.swift */,
				42390FFA2726E7B100A52804 /* BaseView.swift */,
			);
			path = View;
			sourceTree = "<group>";
		};
		424A33CA26DE60FD0017C117 = {
			isa = PBXGroup;
			children = (
				424A33D526DE60FD0017C117 /* pewag */,
				424A33D426DE60FD0017C117 /* Products */,
				42722F0B2713206A006490B0 /* Frameworks */,
			);
			sourceTree = "<group>";
		};
		424A33D426DE60FD0017C117 /* Products */ = {
			isa = PBXGroup;
			children = (
				424A33D326DE60FD0017C117 /* pewag.app */,
			);
			name = Products;
			sourceTree = "<group>";
		};
		424A33D526DE60FD0017C117 /* pewag */ = {
			isa = PBXGroup;
			children = (
				42390FF52726E65C00A52804 /* View */,
				424A33D626DE60FD0017C117 /* pewagApp.swift */,
				42A8600426F8FC05007BE025 /* LogFull.swift */,
				4220FDF026EF70EB00479EC7 /* PBKDF2.swift */,
				427496B526EA862200C1907C /* LoginViewModel.swift */,
				427496B326EA7E0000C1907C /* Webservice.swift */,
				4220FDEF26EF704600479EC7 /* PBKDF2-Bridging-Header.h */,
				424A33DA26DE60FE0017C117 /* Assets.xcassets */,
				424A33DF26DE60FE0017C117 /* Info.plist */,
				424A33DC26DE60FE0017C117 /* Preview Content */,
				42722F102713367F006490B0 /* AppDelegate.swift */,
				420C942327184401005F82C9 /* NavigationBarView.swift */,
				422DA1C32731841D00EC5359 /* New Group */,
			);
			path = pewag;
			sourceTree = "<group>";
		};
		424A33DC26DE60FE0017C117 /* Preview Content */ = {
			isa = PBXGroup;
			children = (
				424A33DD26DE60FE0017C117 /* Preview Assets.xcassets */,
			);
			path = "Preview Content";
			sourceTree = "<group>";
		};
		42722F0B2713206A006490B0 /* Frameworks */ = {
			isa = PBXGroup;
			children = (
			);
			name = Frameworks;
			sourceTree = "<group>";
		};
/* End PBXGroup section */

/* Begin PBXNativeTarget section */
		424A33D226DE60FD0017C117 /* pewag */ = {
			isa = PBXNativeTarget;
			buildConfigurationList = 424A33E226DE60FE0017C117 /* Build configuration list for PBXNativeTarget "pewag" */;
			buildPhases = (
				424A33CF26DE60FD0017C117 /* Sources */,
				424A33D026DE60FD0017C117 /* Frameworks */,
				424A33D126DE60FD0017C117 /* Resources */,
			);
			buildRules = (
			);
			dependencies = (
			);
			name = pewag;
			packageProductDependencies = (
				42722F0C2713206A006490B0 /* FacebookLogin */,
				4281117C273D3B1E002A2849 /* CodeScanner */,
			);
			productName = pewag;
			productReference = 424A33D326DE60FD0017C117 /* pewag.app */;
			productType = "com.apple.product-type.application";
		};
/* End PBXNativeTarget section */

/* Begin PBXProject section */
		424A33CB26DE60FD0017C117 /* Project object */ = {
			isa = PBXProject;
			attributes = {
				LastSwiftUpdateCheck = 1250;
				LastUpgradeCheck = 1250;
				TargetAttributes = {
					424A33D226DE60FD0017C117 = {
						CreatedOnToolsVersion = 12.5.1;
					};
				};
			};
			buildConfigurationList = 424A33CE26DE60FD0017C117 /* Build configuration list for PBXProject "pewag" */;
			compatibilityVersion = "Xcode 9.3";
			developmentRegion = en;
			hasScannedForEncodings = 0;
			knownRegions = (
				en,
				Base,
				de,
				sr,
			);
			mainGroup = 424A33CA26DE60FD0017C117;
			packageReferences = (
				42722EE3271053E4006490B0 /* XCRemoteSwiftPackageReference "facebook-ios-sdk" */,
				4281117B273D3B1D002A2849 /* XCRemoteSwiftPackageReference "CodeScanner" */,
			);
			productRefGroup = 424A33D426DE60FD0017C117 /* Products */;
			projectDirPath = "";
			projectRoot = "";
			targets = (
				424A33D226DE60FD0017C117 /* pewag */,
			);
		};
/* End PBXProject section */

/* Begin PBXResourcesBuildPhase section */
		424A33D126DE60FD0017C117 /* Resources */ = {
			isa = PBXResourcesBuildPhase;
			buildActionMask = 2147483647;
			files = (
				424A33DE26DE60FE0017C117 /* Preview Assets.xcassets in Resources */,
				42E9B151272AC73C005DD1DE /* Localizable.strings in Resources */,
				424A33DB26DE60FE0017C117 /* Assets.xcassets in Resources */,
			);
			runOnlyForDeploymentPostprocessing = 0;
		};
/* End PBXResourcesBuildPhase section */

/* Begin PBXSourcesBuildPhase section */
		424A33CF26DE60FD0017C117 /* Sources */ = {
			isa = PBXSourcesBuildPhase;
			buildActionMask = 2147483647;
			files = (
				42A8600526F8FC05007BE025 /* LogFull.swift in Sources */,
				42390FFB2726E7B100A52804 /* BaseView.swift in Sources */,
				4220FDEC26EE624E00479EC7 /* LogInView.swift in Sources */,
				420C942427184401005F82C9 /* NavigationBarView.swift in Sources */,
				42390FF92726E77200A52804 /* SideMenu.swift in Sources */,
				42390FF72726E71700A52804 /* Home.swift in Sources */,
				42104AD1273AA08100A9ECD2 /* OrdersDetailView.swift in Sources */,
				42104AD5273AB42800A9ECD2 /* AssCertificatesDetailView.swift in Sources */,
				422DA1C12731832A00EC5359 /* ModelResponse.swift in Sources */,
				42104ACF273A99AA00A9ECD2 /* CustomersDetailView.swift in Sources */,
				427496B626EA862200C1907C /* LoginViewModel.swift in Sources */,
				42722F112713367F006490B0 /* AppDelegate.swift in Sources */,
				4220FDEE26EE67FB00479EC7 /* LogOutView.swift in Sources */,
				424A33D926DE60FD0017C117 /* ContentView.swift in Sources */,
				424A33D726DE60FD0017C117 /* pewagApp.swift in Sources */,
				427496B426EA7E0000C1907C /* Webservice.swift in Sources */,
				4281117F273D44C2002A2849 /* CodeScanningView.swift in Sources */,
				42104AD3273AA94300A9ECD2 /* CertificatesDetailView.swift in Sources */,
				4243B63327351C8D00C952ED /* CompanyDetailView.swift in Sources */,
				4220FDF126EF70EB00479EC7 /* PBKDF2.swift in Sources */,
			);
			runOnlyForDeploymentPostprocessing = 0;
		};
/* End PBXSourcesBuildPhase section */

/* Begin PBXVariantGroup section */
		42E9B153272AC73C005DD1DE /* Localizable.strings */ = {
			isa = PBXVariantGroup;
			children = (
				42E9B152272AC73C005DD1DE /* sr */,
				42E9B154272AC740005DD1DE /* de */,
				42E9B155272AC741005DD1DE /* en */,
			);
			name = Localizable.strings;
			sourceTree = "<group>";
		};
/* End PBXVariantGroup section */

/* Begin XCBuildConfiguration section */
		424A33E026DE60FE0017C117 /* Debug */ = {
			isa = XCBuildConfiguration;
			buildSettings = {
				ALWAYS_SEARCH_USER_PATHS = NO;
				CLANG_ANALYZER_NONNULL = YES;
				CLANG_ANALYZER_NUMBER_OBJECT_CONVERSION = YES_AGGRESSIVE;
				CLANG_CXX_LANGUAGE_STANDARD = "gnu++14";
				CLANG_CXX_LIBRARY = "libc++";
				CLANG_ENABLE_MODULES = YES;
				CLANG_ENABLE_OBJC_ARC = YES;
				CLANG_ENABLE_OBJC_WEAK = YES;
				CLANG_WARN_BLOCK_CAPTURE_AUTORELEASING = YES;
				CLANG_WARN_BOOL_CONVERSION = YES;
				CLANG_WARN_COMMA = YES;
				CLANG_WARN_CONSTANT_CONVERSION = YES;
				CLANG_WARN_DEPRECATED_OBJC_IMPLEMENTATIONS = YES;
				CLANG_WARN_DIRECT_OBJC_ISA_USAGE = YES_ERROR;
				CLANG_WARN_DOCUMENTATION_COMMENTS = YES;
				CLANG_WARN_EMPTY_BODY = YES;
				CLANG_WARN_ENUM_CONVERSION = YES;
				CLANG_WARN_INFINITE_RECURSION = YES;
				CLANG_WARN_INT_CONVERSION = YES;
				CLANG_WARN_NON_LITERAL_NULL_CONVERSION = YES;
				CLANG_WARN_OBJC_IMPLICIT_RETAIN_SELF = YES;
				CLANG_WARN_OBJC_LITERAL_CONVERSION = YES;
				CLANG_WARN_OBJC_ROOT_CLASS = YES_ERROR;
				CLANG_WARN_QUOTED_INCLUDE_IN_FRAMEWORK_HEADER = YES;
				CLANG_WARN_RANGE_LOOP_ANALYSIS = YES;
				CLANG_WARN_STRICT_PROTOTYPES = YES;
				CLANG_WARN_SUSPICIOUS_MOVE = YES;
				CLANG_WARN_UNGUARDED_AVAILABILITY = YES_AGGRESSIVE;
				CLANG_WARN_UNREACHABLE_CODE = YES;
				CLANG_WARN__DUPLICATE_METHOD_MATCH = YES;
				COPY_PHASE_STRIP = NO;
				DEBUG_INFORMATION_FORMAT = dwarf;
				ENABLE_STRICT_OBJC_MSGSEND = YES;
				ENABLE_TESTABILITY = YES;
				GCC_C_LANGUAGE_STANDARD = gnu11;
				GCC_DYNAMIC_NO_PIC = NO;
				GCC_NO_COMMON_BLOCKS = YES;
				GCC_OPTIMIZATION_LEVEL = 0;
				GCC_PREPROCESSOR_DEFINITIONS = (
					"DEBUG=1",
					"$(inherited)",
				);
				GCC_WARN_64_TO_32_BIT_CONVERSION = YES;
				GCC_WARN_ABOUT_RETURN_TYPE = YES_ERROR;
				GCC_WARN_UNDECLARED_SELECTOR = YES;
				GCC_WARN_UNINITIALIZED_AUTOS = YES_AGGRESSIVE;
				GCC_WARN_UNUSED_FUNCTION = YES;
				GCC_WARN_UNUSED_VARIABLE = YES;
				IPHONEOS_DEPLOYMENT_TARGET = 14.5;
				MTL_ENABLE_DEBUG_INFO = INCLUDE_SOURCE;
				MTL_FAST_MATH = YES;
				ONLY_ACTIVE_ARCH = YES;
				SDKROOT = iphoneos;
				SWIFT_ACTIVE_COMPILATION_CONDITIONS = DEBUG;
				SWIFT_OPTIMIZATION_LEVEL = "-Onone";
			};
			name = Debug;
		};
		424A33E126DE60FE0017C117 /* Release */ = {
			isa = XCBuildConfiguration;
			buildSettings = {
				ALWAYS_SEARCH_USER_PATHS = NO;
				CLANG_ANALYZER_NONNULL = YES;
				CLANG_ANALYZER_NUMBER_OBJECT_CONVERSION = YES_AGGRESSIVE;
				CLANG_CXX_LANGUAGE_STANDARD = "gnu++14";
				CLANG_CXX_LIBRARY = "libc++";
				CLANG_ENABLE_MODULES = YES;
				CLANG_ENABLE_OBJC_ARC = YES;
				CLANG_ENABLE_OBJC_WEAK = YES;
				CLANG_WARN_BLOCK_CAPTURE_AUTORELEASING = YES;
				CLANG_WARN_BOOL_CONVERSION = YES;
				CLANG_WARN_COMMA = YES;
				CLANG_WARN_CONSTANT_CONVERSION = YES;
				CLANG_WARN_DEPRECATED_OBJC_IMPLEMENTATIONS = YES;
				CLANG_WARN_DIRECT_OBJC_ISA_USAGE = YES_ERROR;
				CLANG_WARN_DOCUMENTATION_COMMENTS = YES;
				CLANG_WARN_EMPTY_BODY = YES;
				CLANG_WARN_ENUM_CONVERSION = YES;
				CLANG_WARN_INFINITE_RECURSION = YES;
				CLANG_WARN_INT_CONVERSION = YES;
				CLANG_WARN_NON_LITERAL_NULL_CONVERSION = YES;
				CLANG_WARN_OBJC_IMPLICIT_RETAIN_SELF = YES;
				CLANG_WARN_OBJC_LITERAL_CONVERSION = YES;
				CLANG_WARN_OBJC_ROOT_CLASS = YES_ERROR;
				CLANG_WARN_QUOTED_INCLUDE_IN_FRAMEWORK_HEADER = YES;
				CLANG_WARN_RANGE_LOOP_ANALYSIS = YES;
				CLANG_WARN_STRICT_PROTOTYPES = YES;
				CLANG_WARN_SUSPICIOUS_MOVE = YES;
				CLANG_WARN_UNGUARDED_AVAILABILITY = YES_AGGRESSIVE;
				CLANG_WARN_UNREACHABLE_CODE = YES;
				CLANG_WARN__DUPLICATE_METHOD_MATCH = YES;
				COPY_PHASE_STRIP = NO;
				DEBUG_INFORMATION_FORMAT = "dwarf-with-dsym";
				ENABLE_NS_ASSERTIONS = NO;
				ENABLE_STRICT_OBJC_MSGSEND = YES;
				GCC_C_LANGUAGE_STANDARD = gnu11;
				GCC_NO_COMMON_BLOCKS = YES;
				GCC_WARN_64_TO_32_BIT_CONVERSION = YES;
				GCC_WARN_ABOUT_RETURN_TYPE = YES_ERROR;
				GCC_WARN_UNDECLARED_SELECTOR = YES;
				GCC_WARN_UNINITIALIZED_AUTOS = YES_AGGRESSIVE;
				GCC_WARN_UNUSED_FUNCTION = YES;
				GCC_WARN_UNUSED_VARIABLE = YES;
				IPHONEOS_DEPLOYMENT_TARGET = 14.5;
				MTL_ENABLE_DEBUG_INFO = NO;
				MTL_FAST_MATH = YES;
				SDKROOT = iphoneos;
				SWIFT_COMPILATION_MODE = wholemodule;
				SWIFT_OPTIMIZATION_LEVEL = "-O";
				VALIDATE_PRODUCT = YES;
			};
			name = Release;
		};
		424A33E326DE60FE0017C117 /* Debug */ = {
			isa = XCBuildConfiguration;
			buildSettings = {
				ASSETCATALOG_COMPILER_APPICON_NAME = "AppIcon-3";
				ASSETCATALOG_COMPILER_GLOBAL_ACCENT_COLOR_NAME = AccentColor;
				CODE_SIGN_STYLE = Automatic;
				DEVELOPMENT_ASSET_PATHS = "\"pewag/Preview Content\"";
				DEVELOPMENT_TEAM = 5G42YX6373;
				ENABLE_PREVIEWS = YES;
				INFOPLIST_FILE = pewag/Info.plist;
				IPHONEOS_DEPLOYMENT_TARGET = 15.0;
				LD_RUNPATH_SEARCH_PATHS = (
					"$(inherited)",
					"@executable_path/Frameworks",
				);
				MARKETING_VERSION = 1.2;
				PRODUCT_BUNDLE_IDENTIFIER = pewag400.pewag;
				PRODUCT_NAME = "$(TARGET_NAME)";
				SWIFT_VERSION = 5.0;
				TARGETED_DEVICE_FAMILY = 1;
			};
			name = Debug;
		};
		424A33E426DE60FE0017C117 /* Release */ = {
			isa = XCBuildConfiguration;
			buildSettings = {
				ASSETCATALOG_COMPILER_APPICON_NAME = "AppIcon-3";
				ASSETCATALOG_COMPILER_GLOBAL_ACCENT_COLOR_NAME = AccentColor;
				CODE_SIGN_STYLE = Automatic;
				DEVELOPMENT_ASSET_PATHS = "\"pewag/Preview Content\"";
				DEVELOPMENT_TEAM = 5G42YX6373;
				ENABLE_PREVIEWS = YES;
				INFOPLIST_FILE = pewag/Info.plist;
				IPHONEOS_DEPLOYMENT_TARGET = 15.0;
				LD_RUNPATH_SEARCH_PATHS = (
					"$(inherited)",
					"@executable_path/Frameworks",
				);
				MARKETING_VERSION = 1.2;
				PRODUCT_BUNDLE_IDENTIFIER = pewag400.pewag;
				PRODUCT_NAME = "$(TARGET_NAME)";
				SWIFT_VERSION = 5.0;
				TARGETED_DEVICE_FAMILY = 1;
			};
			name = Release;
		};
/* End XCBuildConfiguration section */

/* Begin XCConfigurationList section */
		424A33CE26DE60FD0017C117 /* Build configuration list for PBXProject "pewag" */ = {
			isa = XCConfigurationList;
			buildConfigurations = (
				424A33E026DE60FE0017C117 /* Debug */,
				424A33E126DE60FE0017C117 /* Release */,
			);
			defaultConfigurationIsVisible = 0;
			defaultConfigurationName = Release;
		};
		424A33E226DE60FE0017C117 /* Build configuration list for PBXNativeTarget "pewag" */ = {
			isa = XCConfigurationList;
			buildConfigurations = (
				424A33E326DE60FE0017C117 /* Debug */,
				424A33E426DE60FE0017C117 /* Release */,
			);
			defaultConfigurationIsVisible = 0;
			defaultConfigurationName = Release;
		};
/* End XCConfigurationList section */

/* Begin XCRemoteSwiftPackageReference section */
		42722EE3271053E4006490B0 /* XCRemoteSwiftPackageReference "facebook-ios-sdk" */ = {
			isa = XCRemoteSwiftPackageReference;
			repositoryURL = "https://github.com/facebook/facebook-ios-sdk";
			requirement = {
				kind = upToNextMajorVersion;
				minimumVersion = 9.0.0;
			};
		};
		4281117B273D3B1D002A2849 /* XCRemoteSwiftPackageReference "CodeScanner" */ = {
			isa = XCRemoteSwiftPackageReference;
			repositoryURL = "https://github.com/twostraws/CodeScanner.git";
			requirement = {
				branch = main;
				kind = branch;
			};
		};
/* End XCRemoteSwiftPackageReference section */

/* Begin XCSwiftPackageProductDependency section */
		42722F0C2713206A006490B0 /* FacebookLogin */ = {
			isa = XCSwiftPackageProductDependency;
			package = 42722EE3271053E4006490B0 /* XCRemoteSwiftPackageReference "facebook-ios-sdk" */;
			productName = FacebookLogin;
		};
		4281117C273D3B1E002A2849 /* CodeScanner */ = {
			isa = XCSwiftPackageProductDependency;
			package = 4281117B273D3B1D002A2849 /* XCRemoteSwiftPackageReference "CodeScanner" */;
			productName = CodeScanner;
		};
/* End XCSwiftPackageProductDependency section */
	};
	rootObject = 424A33CB26DE60FD0017C117 /* Project object */;
}
